<Solution>
  <Configurations>
    <Platform Name="Any CPU" />
  </Configurations>
  <Project Path="Code/dronevsplayers.csproj" />
  <Project Path="Editor/dronevsplayers.editor.csproj" />
  <Folder Name="/Addons/">
    <Project Path="D:/SteamLibrary/steamapps/common/sbox/addons/base/code/Base Library.csproj" />
  </Folder>
  <Folder Name="/Libraries/">
    <Project Path="Libraries/jtc.mcp-server/Editor/mcp-server.editor.csproj" />
    <Project Path="Libraries/kamishell.blender_bridge/Editor/blender_bridge.editor.csproj" />
    <Project Path="Libraries/sboxskinsgg.claudebridge/Code/claudebridge.csproj" />
    <Project Path="Libraries/sboxskinsgg.claudebridge/Editor/claudebridge.editor.csproj" />
    <Project Path="Libraries/sboxskinsgg.claudebridge/UnitTests/claudebridge.unittest.csproj" />
  </Folder>
  <Folder Name="/Tools/">
    <Project Path="D:/SteamLibrary/steamapps/common/sbox/addons/tools/Code/Base Editor Library.csproj" />
    <Project Path="D:/SteamLibrary/steamapps/common/sbox/editor/ActionGraph/Code/actiongraph.csproj" />
    <Project Path="D:/SteamLibrary/steamapps/common/sbox/editor/DooEditor/Code/dooeditor.csproj" />
    <Project Path="D:/SteamLibrary/steamapps/common/sbox/editor/Hammer/Code/hammer.csproj" />
    <Project Path="D:/SteamLibrary/steamapps/common/sbox/editor/MovieMaker/Code/moviemaker.csproj" />
    <Project Path="D:/SteamLibrary/steamapps/common/sbox/editor/ShaderGraph/Code/shadergraph.csproj" />
  </Folder>
</Solution>