Microsoft Visual Studio Solution File, Format Version 12.00
# Visual Studio Version 17
VisualStudioVersion = 17.5.2.0
MinimumVisualStudioVersion = 10.0.40219.1
Project("{2150E333-8FDC-42A3-9474-1A3956D46DE8}") = "Editor", "Editor", "{28251423-8E50-9DF4-F913-DC1FAAA673F1}"
EndProject
Project("{FAE04EC0-301F-11D3-BF4B-00C04F79EFBC}") = "mcp-server.editor", "Editor\mcp-server.editor.csproj", "{47DF2BEC-288B-71FC-D165-CE2645ABCF7B}"
EndProject
Global
	GlobalSection(SolutionConfigurationPlatforms) = preSolution
		Debug|Any CPU = Debug|Any CPU
		Release|Any CPU = Release|Any CPU
	EndGlobalSection
	GlobalSection(ProjectConfigurationPlatforms) = postSolution
		{47DF2BEC-288B-71FC-D165-CE2645ABCF7B}.Debug|Any CPU.ActiveCfg = Debug|Any CPU
		{47DF2BEC-288B-71FC-D165-CE2645ABCF7B}.Debug|Any CPU.Build.0 = Debug|Any CPU
		{47DF2BEC-288B-71FC-D165-CE2645ABCF7B}.Release|Any CPU.ActiveCfg = Release|Any CPU
		{47DF2BEC-288B-71FC-D165-CE2645ABCF7B}.Release|Any CPU.Build.0 = Release|Any CPU
	EndGlobalSection
	GlobalSection(SolutionProperties) = preSolution
		HideSolutionNode = FALSE
	EndGlobalSection
	GlobalSection(NestedProjects) = preSolution
		{47DF2BEC-288B-71FC-D165-CE2645ABCF7B} = {28251423-8E50-9DF4-F913-DC1FAAA673F1}
	EndGlobalSection
	GlobalSection(ExtensibilityGlobals) = postSolution
		SolutionGuid = {5F244921-9005-4427-AE65-52C7AE4B5CF2}
	EndGlobalSection
EndGlobal
